
Microsoft Visual Studio Solution File, Format Version 12.00
# Visual Studio Version 16
VisualStudioVersion = 16.0.31129.286
MinimumVisualStudioVersion = 10.0.40219.1
Project("{FAE04EC0-301F-11D3-BF4B-00C04F79EFBC}") = "QuanLyBanDia", "QuanLyBanDia.csproj", "{08E9242B-6E54-42FA-8D89-ADBED524F21E}"
EndProject
Global
	GlobalSection(SolutionConfigurationPlatforms) = preSolution
		Debug|Any CPU = Debug|Any CPU
		Release|Any CPU = Release|Any CPU
	EndGlobalSection
	GlobalSection(ProjectConfigurationPlatforms) = postSolution
		{08E9242B-6E54-42FA-8D89-ADBED524F21E}.Debug|Any CPU.ActiveCfg = Debug|Any CPU
		{08E9242B-6E54-42FA-8D89-ADBED524F21E}.Debug|Any CPU.Build.0 = Debug|Any CPU
		{08E9242B-6E54-42FA-8D89-ADBED524F21E}.Release|Any CPU.ActiveCfg = Release|Any CPU
		{08E9242B-6E54-42FA-8D89-ADBED524F21E}.Release|Any CPU.Build.0 = Release|Any CPU
	EndGlobalSection
	GlobalSection(SolutionProperties) = preSolution
		HideSolutionNode = FALSE
	EndGlobalSection
	GlobalSection(ExtensibilityGlobals) = postSolution
		SolutionGuid = {B69493E0-AA02-4208-822A-B8376D67F03C}
	EndGlobalSection
EndGlobal
